
Microsoft Visual Studio Solution File, Format Version 12.00
# Visual Studio Version 17
VisualStudioVersion = 17.8.34330.188
MinimumVisualStudioVersion = 10.0.40219.1
Project("{FAE04EC0-301F-11D3-BF4B-00C04F79EFBC}") = "LPRShoeStore", "WindowsFormsApp1\LPRShoeStore.csproj", "{C323CFD9-FB1F-4C48-84AE-EE3F15826195}"
EndProject
Global
	GlobalSection(SolutionConfigurationPlatforms) = preSolution
		Debug|Any CPU = Debug|Any CPU
		Release|Any CPU = Release|Any CPU
	EndGlobalSection
	GlobalSection(ProjectConfigurationPlatforms) = postSolution
		{C323CFD9-FB1F-4C48-84AE-EE3F15826195}.Debug|Any CPU.ActiveCfg = Debug|Any CPU
		{C323CFD9-FB1F-4C48-84AE-EE3F15826195}.Debug|Any CPU.Build.0 = Debug|Any CPU
		{C323CFD9-FB1F-4C48-84AE-EE3F15826195}.Release|Any CPU.ActiveCfg = Release|Any CPU
		{C323CFD9-FB1F-4C48-84AE-EE3F15826195}.Release|Any CPU.Build.0 = Release|Any CPU
	EndGlobalSection
	GlobalSection(SolutionProperties) = preSolution
		HideSolutionNode = FALSE
	EndGlobalSection
	GlobalSection(ExtensibilityGlobals) = postSolution
		SolutionGuid = {E4FE91FE-5B29-474C-92E8-30A3D1128E54}
	EndGlobalSection
EndGlobal
